
Microsoft Visual Studio Solution File, Format Version 12.00
# Visual Studio Version 17
VisualStudioVersion = 17.2.32616.157
MinimumVisualStudioVersion = 10.0.40219.1
Project("{FAE04EC0-301F-11D3-BF4B-00C04F79EFBC}") = "ENIGBITMOVE", "ENIGBITMOVE.csproj", "{15081917-24D3-4810-96CC-8FF76914CB0D}"
EndProject
Global
	GlobalSection(SolutionConfigurationPlatforms) = preSolution
		Debug|Any CPU = Debug|Any CPU
		Release|Any CPU = Release|Any CPU
	EndGlobalSection
	GlobalSection(ProjectConfigurationPlatforms) = postSolution
		{15081917-24D3-4810-96CC-8FF76914CB0D}.Debug|Any CPU.ActiveCfg = Debug|Any CPU
		{15081917-24D3-4810-96CC-8FF76914CB0D}.Debug|Any CPU.Build.0 = Debug|Any CPU
		{15081917-24D3-4810-96CC-8FF76914CB0D}.Release|Any CPU.ActiveCfg = Release|Any CPU
		{15081917-24D3-4810-96CC-8FF76914CB0D}.Release|Any CPU.Build.0 = Release|Any CPU
	EndGlobalSection
	GlobalSection(SolutionProperties) = preSolution
		HideSolutionNode = FALSE
	EndGlobalSection
	GlobalSection(ExtensibilityGlobals) = postSolution
		SolutionGuid = {185839BE-88E2-4931-9E89-922E29F5435E}
	EndGlobalSection
EndGlobal
